
Microsoft Visual Studio Solution File, Format Version 12.00
Project("{2150E333-8FDC-42A3-9474-1A3956D46DE8}") = "Src", "Src", "{4742758C-F8C6-4CCD-852B-0107905D708A}"
EndProject
Project("{FAE04EC0-301F-11D3-BF4B-00C04F79EFBC}") = "Api", "Api\Api.csproj", "{065086FD-4090-4D10-976D-9F8DBE6DF67A}"
EndProject
Project("{2150E333-8FDC-42A3-9474-1A3956D46DE8}") = "Common", "Common", "{41285FE1-39EA-49EC-81F4-20972E20B03C}"
EndProject
Project("{2150E333-8FDC-42A3-9474-1A3956D46DE8}") = "Persentation", "Persentation", "{D461FC2C-9980-44B0-99BA-952BDCD8634F}"
EndProject
Project("{2150E333-8FDC-42A3-9474-1A3956D46DE8}") = "Core", "Core", "{75E47D0A-9BEF-4452-8FB7-5A4169A4F9B6}"
EndProject
Project("{2150E333-8FDC-42A3-9474-1A3956D46DE8}") = "Infrastructure", "Infrastructure", "{EF626EFF-AD56-43EE-A864-19AA8BB036E5}"
EndProject
Project("{FAE04EC0-301F-11D3-BF4B-00C04F79EFBC}") = "Infrastructure", "Infrastructure\Infrastructure.csproj", "{B5132F83-EFB3-4F1C-B649-398B7AB0AE9B}"
EndProject
Project("{FAE04EC0-301F-11D3-BF4B-00C04F79EFBC}") = "Persistence", "Persistence\Persistence.csproj", "{07737AF3-1E48-4A60-A39D-6F66D14F9766}"
EndProject
Project("{FAE04EC0-301F-11D3-BF4B-00C04F79EFBC}") = "Domain", "Domain\Domain.csproj", "{8F075DAF-0205-45B9-BECC-28E678B7B148}"
EndProject
Project("{FAE04EC0-301F-11D3-BF4B-00C04F79EFBC}") = "Application", "Application\Application.csproj", "{DD634FE6-88AB-4BFF-AB37-366F643C3AD6}"
EndProject
Project("{FAE04EC0-301F-11D3-BF4B-00C04F79EFBC}") = "Common", "Common\Common.csproj", "{620C58F0-D8B8-4B7D-A652-0723F9072DD6}"
EndProject
Global
	GlobalSection(SolutionConfigurationPlatforms) = preSolution
		Debug|Any CPU = Debug|Any CPU
		Release|Any CPU = Release|Any CPU
	EndGlobalSection
	GlobalSection(ProjectConfigurationPlatforms) = postSolution
		{065086FD-4090-4D10-976D-9F8DBE6DF67A}.Debug|Any CPU.ActiveCfg = Debug|Any CPU
		{065086FD-4090-4D10-976D-9F8DBE6DF67A}.Debug|Any CPU.Build.0 = Debug|Any CPU
		{065086FD-4090-4D10-976D-9F8DBE6DF67A}.Release|Any CPU.ActiveCfg = Release|Any CPU
		{065086FD-4090-4D10-976D-9F8DBE6DF67A}.Release|Any CPU.Build.0 = Release|Any CPU
		{B5132F83-EFB3-4F1C-B649-398B7AB0AE9B}.Debug|Any CPU.ActiveCfg = Debug|Any CPU
		{B5132F83-EFB3-4F1C-B649-398B7AB0AE9B}.Debug|Any CPU.Build.0 = Debug|Any CPU
		{B5132F83-EFB3-4F1C-B649-398B7AB0AE9B}.Release|Any CPU.ActiveCfg = Release|Any CPU
		{B5132F83-EFB3-4F1C-B649-398B7AB0AE9B}.Release|Any CPU.Build.0 = Release|Any CPU
		{07737AF3-1E48-4A60-A39D-6F66D14F9766}.Debug|Any CPU.ActiveCfg = Debug|Any CPU
		{07737AF3-1E48-4A60-A39D-6F66D14F9766}.Debug|Any CPU.Build.0 = Debug|Any CPU
		{07737AF3-1E48-4A60-A39D-6F66D14F9766}.Release|Any CPU.ActiveCfg = Release|Any CPU
		{07737AF3-1E48-4A60-A39D-6F66D14F9766}.Release|Any CPU.Build.0 = Release|Any CPU
		{8F075DAF-0205-45B9-BECC-28E678B7B148}.Debug|Any CPU.ActiveCfg = Debug|Any CPU
		{8F075DAF-0205-45B9-BECC-28E678B7B148}.Debug|Any CPU.Build.0 = Debug|Any CPU
		{8F075DAF-0205-45B9-BECC-28E678B7B148}.Release|Any CPU.ActiveCfg = Release|Any CPU
		{8F075DAF-0205-45B9-BECC-28E678B7B148}.Release|Any CPU.Build.0 = Release|Any CPU
		{DD634FE6-88AB-4BFF-AB37-366F643C3AD6}.Debug|Any CPU.ActiveCfg = Debug|Any CPU
		{DD634FE6-88AB-4BFF-AB37-366F643C3AD6}.Debug|Any CPU.Build.0 = Debug|Any CPU
		{DD634FE6-88AB-4BFF-AB37-366F643C3AD6}.Release|Any CPU.ActiveCfg = Release|Any CPU
		{DD634FE6-88AB-4BFF-AB37-366F643C3AD6}.Release|Any CPU.Build.0 = Release|Any CPU
		{620C58F0-D8B8-4B7D-A652-0723F9072DD6}.Debug|Any CPU.ActiveCfg = Debug|Any CPU
		{620C58F0-D8B8-4B7D-A652-0723F9072DD6}.Debug|Any CPU.Build.0 = Debug|Any CPU
		{620C58F0-D8B8-4B7D-A652-0723F9072DD6}.Release|Any CPU.ActiveCfg = Release|Any CPU
		{620C58F0-D8B8-4B7D-A652-0723F9072DD6}.Release|Any CPU.Build.0 = Release|Any CPU
	EndGlobalSection
	GlobalSection(NestedProjects) = preSolution
		{41285FE1-39EA-49EC-81F4-20972E20B03C} = {4742758C-F8C6-4CCD-852B-0107905D708A}
		{D461FC2C-9980-44B0-99BA-952BDCD8634F} = {4742758C-F8C6-4CCD-852B-0107905D708A}
		{065086FD-4090-4D10-976D-9F8DBE6DF67A} = {D461FC2C-9980-44B0-99BA-952BDCD8634F}
		{75E47D0A-9BEF-4452-8FB7-5A4169A4F9B6} = {4742758C-F8C6-4CCD-852B-0107905D708A}
		{EF626EFF-AD56-43EE-A864-19AA8BB036E5} = {4742758C-F8C6-4CCD-852B-0107905D708A}
		{B5132F83-EFB3-4F1C-B649-398B7AB0AE9B} = {EF626EFF-AD56-43EE-A864-19AA8BB036E5}
		{07737AF3-1E48-4A60-A39D-6F66D14F9766} = {EF626EFF-AD56-43EE-A864-19AA8BB036E5}
		{8F075DAF-0205-45B9-BECC-28E678B7B148} = {75E47D0A-9BEF-4452-8FB7-5A4169A4F9B6}
		{DD634FE6-88AB-4BFF-AB37-366F643C3AD6} = {75E47D0A-9BEF-4452-8FB7-5A4169A4F9B6}
		{620C58F0-D8B8-4B7D-A652-0723F9072DD6} = {41285FE1-39EA-49EC-81F4-20972E20B03C}
	EndGlobalSection
EndGlobal
